// !$*UTF8*$!
{
	archiveVersion = 1;
	classes = {
	};
	objectVersion = 77;
	objects = {

/* Begin PBXBuildFile section */
		86A61BB42CE8B0D2004EFF93 /* SwiftSoup in Frameworks */ = {isa = PBXBuildFile; productRef = 86A61BB32CE8B0D2004EFF93 /* SwiftSoup */; };
/* End PBXBuildFile section */

/* Begin PBXContainerItemProxy section */
		8621B02F2CE76C7800B6F264 /* PBXContainerItemProxy */ = {
			isa = PBXContainerItemProxy;
			containerPortal = 8621B0162CE76C7700B6F264 /* Project object */;
			proxyType = 1;
			remoteGlobalIDString = 8621B01D2CE76C7700B6F264;
			remoteInfo = "ANS Calendar";
		};
		8621B0392CE76C7800B6F264 /* PBXContainerItemProxy */ = {
			isa = PBXContainerItemProxy;
			containerPortal = 8621B0162CE76C7700B6F264 /* Project object */;
			proxyType = 1;
			remoteGlobalIDString = 8621B01D2CE76C7700B6F264;
			remoteInfo = "ANS Calendar";
		};
/* End PBXContainerItemProxy section */

/* Begin PBXFileReference section */
		8621B01E2CE76C7700B6F264 /* ANS Calendar.app */ = {isa = PBXFileReference; explicitFileType = wrapper.application; includeInIndex = 0; path = "ANS Calendar.app"; sourceTree = BUILT_PRODUCTS_DIR; };
		8621B02E2CE76C7800B6F264 /* ANS CalendarTests.xctest */ = {isa = PBXFileReference; explicitFileType = wrapper.cfbundle; includeInIndex = 0; path = "ANS CalendarTests.xctest"; sourceTree = BUILT_PRODUCTS_DIR; };
		8621B0382CE76C7800B6F264 /* ANS CalendarUITests.xctest */ = {isa = PBXFileReference; explicitFileType = wrapper.cfbundle; includeInIndex = 0; path = "ANS CalendarUITests.xctest"; sourceTree = BUILT_PRODUCTS_DIR; };
/* End PBXFileReference section */

/* Begin PBXFileSystemSynchronizedRootGroup section */
		8621B0202CE76C7700B6F264 /* ANS Calendar */ = {
			isa = PBXFileSystemSynchronizedRootGroup;
			path = "ANS Calendar";
			sourceTree = "<group>";
		};
		8621B0312CE76C7800B6F264 /* ANS CalendarTests */ = {
			isa = PBXFileSystemSynchronizedRootGroup;
			path = "ANS CalendarTests";
			sourceTree = "<group>";
		};
		8621B03B2CE76C7800B6F264 /* ANS CalendarUITests */ = {
			isa = PBXFileSystemSynchronizedRootGroup;
			path = "ANS CalendarUITests";
			sourceTree = "<group>";
		};
/* End PBXFileSystemSynchronizedRootGroup section */

/* Begin PBXFrameworksBuildPhase section */
		8621B01B2CE76C7700B6F264 /* Frameworks */ = {
			isa = PBXFrameworksBuildPhase;
			buildActionMask = 2147483647;
			files = (
				86A61BB42CE8B0D2004EFF93 /* SwiftSoup in Frameworks */,
			);
			runOnlyForDeploymentPostprocessing = 0;
		};
		8621B02B2CE76C7800B6F264 /* Frameworks */ = {
			isa = PBXFrameworksBuildPhase;
			buildActionMask = 2147483647;
			files = (
			);
			runOnlyForDeploymentPostprocessing = 0;
		};
		8621B0352CE76C7800B6F264 /* Frameworks */ = {
			isa = PBXFrameworksBuildPhase;
			buildActionMask = 2147483647;
			files = (
			);
			runOnlyForDeploymentPostprocessing = 0;
		};
/* End PBXFrameworksBuildPhase section */

/* Begin PBXGroup section */
		8621B0152CE76C7700B6F264 = {
			isa = PBXGroup;
			children = (
				8621B0202CE76C7700B6F264 /* ANS Calendar */,
				8621B0312CE76C7800B6F264 /* ANS CalendarTests */,
				8621B03B2CE76C7800B6F264 /* ANS CalendarUITests */,
				8621B01F2CE76C7700B6F264 /* Products */,
			);
			sourceTree = "<group>";
		};
		8621B01F2CE76C7700B6F264 /* Products */ = {
			isa = PBXGroup;
			children = (
				8621B01E2CE76C7700B6F264 /* ANS Calendar.app */,
				8621B02E2CE76C7800B6F264 /* ANS CalendarTests.xctest */,
				8621B0382CE76C7800B6F264 /* ANS CalendarUITests.xctest */,
			);
			name = Products;
			sourceTree = "<group>";
		};
/* End PBXGroup section */

/* Begin PBXNativeTarget section */
		8621B01D2CE76C7700B6F264 /* ANS Calendar */ = {
			isa = PBXNativeTarget;
			buildConfigurationList = 8621B0422CE76C7800B6F264 /* Build configuration list for PBXNativeTarget "ANS Calendar" */;
			buildPhases = (
				8621B01A2CE76C7700B6F264 /* Sources */,
				8621B01B2CE76C7700B6F264 /* Frameworks */,
				8621B01C2CE76C7700B6F264 /* Resources */,
			);
			buildRules = (
			);
			dependencies = (
			);
			fileSystemSynchronizedGroups = (
				8621B0202CE76C7700B6F264 /* ANS Calendar */,
			);
			name = "ANS Calendar";
			packageProductDependencies = (
				86A61BB32CE8B0D2004EFF93 /* SwiftSoup */,
			);
			productName = "ANS Calendar";
			productReference = 8621B01E2CE76C7700B6F264 /* ANS Calendar.app */;
			productType = "com.apple.product-type.application";
		};
		8621B02D2CE76C7800B6F264 /* ANS CalendarTests */ = {
			isa = PBXNativeTarget;
			buildConfigurationList = 8621B0452CE76C7800B6F264 /* Build configuration list for PBXNativeTarget "ANS CalendarTests" */;
			buildPhases = (
				8621B02A2CE76C7800B6F264 /* Sources */,
				8621B02B2CE76C7800B6F264 /* Frameworks */,
				8621B02C2CE76C7800B6F264 /* Resources */,
			);
			buildRules = (
			);
			dependencies = (
				8621B0302CE76C7800B6F264 /* PBXTargetDependency */,
			);
			fileSystemSynchronizedGroups = (
				8621B0312CE76C7800B6F264 /* ANS CalendarTests */,
			);
			name = "ANS CalendarTests";
			packageProductDependencies = (
			);
			productName = "ANS CalendarTests";
			productReference = 8621B02E2CE76C7800B6F264 /* ANS CalendarTests.xctest */;
			productType = "com.apple.product-type.bundle.unit-test";
		};
		8621B0372CE76C7800B6F264 /* ANS CalendarUITests */ = {
			isa = PBXNativeTarget;
			buildConfigurationList = 8621B0482CE76C7800B6F264 /* Build configuration list for PBXNativeTarget "ANS CalendarUITests" */;
			buildPhases = (
				8621B0342CE76C7800B6F264 /* Sources */,
				8621B0352CE76C7800B6F264 /* Frameworks */,
				8621B0362CE76C7800B6F264 /* Resources */,
			);
			buildRules = (
			);
			dependencies = (
				8621B03A2CE76C7800B6F264 /* PBXTargetDependency */,
			);
			fileSystemSynchronizedGroups = (
				8621B03B2CE76C7800B6F264 /* ANS CalendarUITests */,
			);
			name = "ANS CalendarUITests";
			packageProductDependencies = (
			);
			productName = "ANS CalendarUITests";
			productReference = 8621B0382CE76C7800B6F264 /* ANS CalendarUITests.xctest */;
			productType = "com.apple.product-type.bundle.ui-testing";
		};
/* End PBXNativeTarget section */

/* Begin PBXProject section */
		8621B0162CE76C7700B6F264 /* Project object */ = {
			isa = PBXProject;
			attributes = {
				BuildIndependentTargetsInParallel = 1;
				LastSwiftUpdateCheck = 1610;
				LastUpgradeCheck = 1610;
				TargetAttributes = {
					8621B01D2CE76C7700B6F264 = {
						CreatedOnToolsVersion = 16.1;
					};
					8621B02D2CE76C7800B6F264 = {
						CreatedOnToolsVersion = 16.1;
						TestTargetID = 8621B01D2CE76C7700B6F264;
					};
					8621B0372CE76C7800B6F264 = {
						CreatedOnToolsVersion = 16.1;
						TestTargetID = 8621B01D2CE76C7700B6F264;
					};
				};
			};
			buildConfigurationList = 8621B0192CE76C7700B6F264 /* Build configuration list for PBXProject "ANS Calendar" */;
			developmentRegion = en;
			hasScannedForEncodings = 0;
			knownRegions = (
				en,
				Base,
			);
			mainGroup = 8621B0152CE76C7700B6F264;
			minimizedProjectReferenceProxies = 1;
			packageReferences = (
				86A61BB22CE8B0D2004EFF93 /* XCRemoteSwiftPackageReference "SwiftSoup" */,
			);
			preferredProjectObjectVersion = 77;
			productRefGroup = 8621B01F2CE76C7700B6F264 /* Products */;
			projectDirPath = "";
			projectRoot = "";
			targets = (
				8621B01D2CE76C7700B6F264 /* ANS Calendar */,
				8621B02D2CE76C7800B6F264 /* ANS CalendarTests */,
				8621B0372CE76C7800B6F264 /* ANS CalendarUITests */,
			);
		};
/* End PBXProject section */

/* Begin PBXResourcesBuildPhase section */
		8621B01C2CE76C7700B6F264 /* Resources */ = {
			isa = PBXResourcesBuildPhase;
			buildActionMask = 2147483647;
			files = (
			);
			runOnlyForDeploymentPostprocessing = 0;
		};
		8621B02C2CE76C7800B6F264 /* Resources */ = {
			isa = PBXResourcesBuildPhase;
			buildActionMask = 2147483647;
			files = (
			);
			runOnlyForDeploymentPostprocessing = 0;
		};
		8621B0362CE76C7800B6F264 /* Resources */ = {
			isa = PBXResourcesBuildPhase;
			buildActionMask = 2147483647;
			files = (
			);
			runOnlyForDeploymentPostprocessing = 0;
		};
/* End PBXResourcesBuildPhase section */

/* Begin PBXSourcesBuildPhase section */
		8621B01A2CE76C7700B6F264 /* Sources */ = {
			isa = PBXSourcesBuildPhase;
			buildActionMask = 2147483647;
			files = (
			);
			runOnlyForDeploymentPostprocessing = 0;
		};
		8621B02A2CE76C7800B6F264 /* Sources */ = {
			isa = PBXSourcesBuildPhase;
			buildActionMask = 2147483647;
			files = (
			);
			runOnlyForDeploymentPostprocessing = 0;
		};
		8621B0342CE76C7800B6F264 /* Sources */ = {
			isa = PBXSourcesBuildPhase;
			buildActionMask = 2147483647;
			files = (
			);
			runOnlyForDeploymentPostprocessing = 0;
		};
/* End PBXSourcesBuildPhase section */

/* Begin PBXTargetDependency section */
		8621B0302CE76C7800B6F264 /* PBXTargetDependency */ = {
			isa = PBXTargetDependency;
			target = 8621B01D2CE76C7700B6F264 /* ANS Calendar */;
			targetProxy = 8621B02F2CE76C7800B6F264 /* PBXContainerItemProxy */;
		};
		8621B03A2CE76C7800B6F264 /* PBXTargetDependency */ = {
			isa = PBXTargetDependency;
			target = 8621B01D2CE76C7700B6F264 /* ANS Calendar */;
			targetProxy = 8621B0392CE76C7800B6F264 /* PBXContainerItemProxy */;
		};
/* End PBXTargetDependency section */

/* Begin XCBuildConfiguration section */
		8621B0402CE76C7800B6F264 /* Debug */ = {
			isa = XCBuildConfiguration;
			buildSettings = {
				ALWAYS_SEARCH_USER_PATHS = NO;
				ASSETCATALOG_COMPILER_GENERATE_SWIFT_ASSET_SYMBOL_EXTENSIONS = YES;
				CLANG_ANALYZER_NONNULL = YES;
				CLANG_ANALYZER_NUMBER_OBJECT_CONVERSION = YES_AGGRESSIVE;
				CLANG_CXX_LANGUAGE_STANDARD = "gnu++20";
				CLANG_ENABLE_MODULES = YES;
				CLANG_ENABLE_OBJC_ARC = YES;
				CLANG_ENABLE_OBJC_WEAK = YES;
				CLANG_WARN_BLOCK_CAPTURE_AUTORELEASING = YES;
				CLANG_WARN_BOOL_CONVERSION = YES;
				CLANG_WARN_COMMA = YES;
				CLANG_WARN_CONSTANT_CONVERSION = YES;
				CLANG_WARN_DEPRECATED_OBJC_IMPLEMENTATIONS = YES;
				CLANG_WARN_DIRECT_OBJC_ISA_USAGE = YES_ERROR;
				CLANG_WARN_DOCUMENTATION_COMMENTS = YES;
				CLANG_WARN_EMPTY_BODY = YES;
				CLANG_WARN_ENUM_CONVERSION = YES;
				CLANG_WARN_INFINITE_RECURSION = YES;
				CLANG_WARN_INT_CONVERSION = YES;
				CLANG_WARN_NON_LITERAL_NULL_CONVERSION = YES;
				CLANG_WARN_OBJC_IMPLICIT_RETAIN_SELF = YES;
				CLANG_WARN_OBJC_LITERAL_CONVERSION = YES;
				CLANG_WARN_OBJC_ROOT_CLASS = YES_ERROR;
				CLANG_WARN_QUOTED_INCLUDE_IN_FRAMEWORK_HEADER = YES;
				CLANG_WARN_RANGE_LOOP_ANALYSIS = YES;
				CLANG_WARN_STRICT_PROTOTYPES = YES;
				CLANG_WARN_SUSPICIOUS_MOVE = YES;
				CLANG_WARN_UNGUARDED_AVAILABILITY = YES_AGGRESSIVE;
				CLANG_WARN_UNREACHABLE_CODE = YES;
				CLANG_WARN__DUPLICATE_METHOD_MATCH = YES;
				COPY_PHASE_STRIP = NO;
				DEBUG_INFORMATION_FORMAT = dwarf;
				ENABLE_STRICT_OBJC_MSGSEND = YES;
				ENABLE_TESTABILITY = YES;
				ENABLE_USER_SCRIPT_SANDBOXING = YES;
				GCC_C_LANGUAGE_STANDARD = gnu17;
				GCC_DYNAMIC_NO_PIC = NO;
				GCC_NO_COMMON_BLOCKS = YES;
				GCC_OPTIMIZATION_LEVEL = 0;
				GCC_PREPROCESSOR_DEFINITIONS = (
					"DEBUG=1",
					"$(inherited)",
				);
				GCC_WARN_64_TO_32_BIT_CONVERSION = YES;
				GCC_WARN_ABOUT_RETURN_TYPE = YES_ERROR;
				GCC_WARN_UNDECLARED_SELECTOR = YES;
				GCC_WARN_UNINITIALIZED_AUTOS = YES_AGGRESSIVE;
				GCC_WARN_UNUSED_FUNCTION = YES;
				GCC_WARN_UNUSED_VARIABLE = YES;
				IPHONEOS_DEPLOYMENT_TARGET = 18.1;
				LOCALIZATION_PREFERS_STRING_CATALOGS = YES;
				MTL_ENABLE_DEBUG_INFO = INCLUDE_SOURCE;
				MTL_FAST_MATH = YES;
				ONLY_ACTIVE_ARCH = YES;
				SDKROOT = iphoneos;
				SWIFT_ACTIVE_COMPILATION_CONDITIONS = "DEBUG $(inherited)";
				SWIFT_OPTIMIZATION_LEVEL = "-Onone";
			};
			name = Debug;
		};
		8621B0412CE76C7800B6F264 /* Release */ = {
			isa = XCBuildConfiguration;
			buildSettings = {
				ALWAYS_SEARCH_USER_PATHS = NO;
				ASSETCATALOG_COMPILER_GENERATE_SWIFT_ASSET_SYMBOL_EXTENSIONS = YES;
				CLANG_ANALYZER_NONNULL = YES;
				CLANG_ANALYZER_NUMBER_OBJECT_CONVERSION = YES_AGGRESSIVE;
				CLANG_CXX_LANGUAGE_STANDARD = "gnu++20";
				CLANG_ENABLE_MODULES = YES;
				CLANG_ENABLE_OBJC_ARC = YES;
				CLANG_ENABLE_OBJC_WEAK = YES;
				CLANG_WARN_BLOCK_CAPTURE_AUTORELEASING = YES;
				CLANG_WARN_BOOL_CONVERSION = YES;
				CLANG_WARN_COMMA = YES;
				CLANG_WARN_CONSTANT_CONVERSION = YES;
				CLANG_WARN_DEPRECATED_OBJC_IMPLEMENTATIONS = YES;
				CLANG_WARN_DIRECT_OBJC_ISA_USAGE = YES_ERROR;
				CLANG_WARN_DOCUMENTATION_COMMENTS = YES;
				CLANG_WARN_EMPTY_BODY = YES;
				CLANG_WARN_ENUM_CONVERSION = YES;
				CLANG_WARN_INFINITE_RECURSION = YES;
				CLANG_WARN_INT_CONVERSION = YES;
				CLANG_WARN_NON_LITERAL_NULL_CONVERSION = YES;
				CLANG_WARN_OBJC_IMPLICIT_RETAIN_SELF = YES;
				CLANG_WARN_OBJC_LITERAL_CONVERSION = YES;
				CLANG_WARN_OBJC_ROOT_CLASS = YES_ERROR;
				CLANG_WARN_QUOTED_INCLUDE_IN_FRAMEWORK_HEADER = YES;
				CLANG_WARN_RANGE_LOOP_ANALYSIS = YES;
				CLANG_WARN_STRICT_PROTOTYPES = YES;
				CLANG_WARN_SUSPICIOUS_MOVE = YES;
				CLANG_WARN_UNGUARDED_AVAILABILITY = YES_AGGRESSIVE;
				CLANG_WARN_UNREACHABLE_CODE = YES;
				CLANG_WARN__DUPLICATE_METHOD_MATCH = YES;
				COPY_PHASE_STRIP = NO;
				DEBUG_INFORMATION_FORMAT = "dwarf-with-dsym";
				ENABLE_NS_ASSERTIONS = NO;
				ENABLE_STRICT_OBJC_MSGSEND = YES;
				ENABLE_USER_SCRIPT_SANDBOXING = YES;
				GCC_C_LANGUAGE_STANDARD = gnu17;
				GCC_NO_COMMON_BLOCKS = YES;
				GCC_WARN_64_TO_32_BIT_CONVERSION = YES;
				GCC_WARN_ABOUT_RETURN_TYPE = YES_ERROR;
				GCC_WARN_UNDECLARED_SELECTOR = YES;
				GCC_WARN_UNINITIALIZED_AUTOS = YES_AGGRESSIVE;
				GCC_WARN_UNUSED_FUNCTION = YES;
				GCC_WARN_UNUSED_VARIABLE = YES;
				IPHONEOS_DEPLOYMENT_TARGET = 18.1;
				LOCALIZATION_PREFERS_STRING_CATALOGS = YES;
				MTL_ENABLE_DEBUG_INFO = NO;
				MTL_FAST_MATH = YES;
				SDKROOT = iphoneos;
				SWIFT_COMPILATION_MODE = wholemodule;
				VALIDATE_PRODUCT = YES;
			};
			name = Release;
		};
		8621B0432CE76C7800B6F264 /* Debug */ = {
			isa = XCBuildConfiguration;
			buildSettings = {
				ASSETCATALOG_COMPILER_APPICON_NAME = AppIcon;
				ASSETCATALOG_COMPILER_GLOBAL_ACCENT_COLOR_NAME = AccentColor;
				CODE_SIGN_STYLE = Automatic;
				CURRENT_PROJECT_VERSION = 1;
				DEVELOPMENT_ASSET_PATHS = "\"ANS Calendar/Preview Content\"";
				DEVELOPMENT_TEAM = T2CR8F9CJ8;
				ENABLE_PREVIEWS = YES;
				GENERATE_INFOPLIST_FILE = YES;
				INFOPLIST_KEY_UIApplicationSceneManifest_Generation = YES;
				INFOPLIST_KEY_UIApplicationSupportsIndirectInputEvents = YES;
				INFOPLIST_KEY_UILaunchScreen_Generation = YES;
				INFOPLIST_KEY_UISupportedInterfaceOrientations_iPad = "UIInterfaceOrientationPortrait UIInterfaceOrientationPortraitUpsideDown UIInterfaceOrientationLandscapeLeft UIInterfaceOrientationLandscapeRight";
				INFOPLIST_KEY_UISupportedInterfaceOrientations_iPhone = "UIInterfaceOrientationPortrait UIInterfaceOrientationLandscapeLeft UIInterfaceOrientationLandscapeRight";
				LD_RUNPATH_SEARCH_PATHS = (
					"$(inherited)",
					"@executable_path/Frameworks",
				);
				MARKETING_VERSION = 1.0;
				PRODUCT_BUNDLE_IDENTIFIER = "selvalt7.ANS-Calendar";
				PRODUCT_NAME = "$(TARGET_NAME)";
				SWIFT_EMIT_LOC_STRINGS = YES;
				SWIFT_VERSION = 5.0;
				TARGETED_DEVICE_FAMILY = "1,2";
			};
			name = Debug;
		};
		8621B0442CE76C7800B6F264 /* Release */ = {
			isa = XCBuildConfiguration;
			buildSettings = {
				ASSETCATALOG_COMPILER_APPICON_NAME = AppIcon;
				ASSETCATALOG_COMPILER_GLOBAL_ACCENT_COLOR_NAME = AccentColor;
				CODE_SIGN_STYLE = Automatic;
				CURRENT_PROJECT_VERSION = 1;
				DEVELOPMENT_ASSET_PATHS = "\"ANS Calendar/Preview Content\"";
				DEVELOPMENT_TEAM = T2CR8F9CJ8;
				ENABLE_PREVIEWS = YES;
				GENERATE_INFOPLIST_FILE = YES;
				INFOPLIST_KEY_UIApplicationSceneManifest_Generation = YES;
				INFOPLIST_KEY_UIApplicationSupportsIndirectInputEvents = YES;
				INFOPLIST_KEY_UILaunchScreen_Generation = YES;
				INFOPLIST_KEY_UISupportedInterfaceOrientations_iPad = "UIInterfaceOrientationPortrait UIInterfaceOrientationPortraitUpsideDown UIInterfaceOrientationLandscapeLeft UIInterfaceOrientationLandscapeRight";
				INFOPLIST_KEY_UISupportedInterfaceOrientations_iPhone = "UIInterfaceOrientationPortrait UIInterfaceOrientationLandscapeLeft UIInterfaceOrientationLandscapeRight";
				LD_RUNPATH_SEARCH_PATHS = (
					"$(inherited)",
					"@executable_path/Frameworks",
				);
				MARKETING_VERSION = 1.0;
				PRODUCT_BUNDLE_IDENTIFIER = "selvalt7.ANS-Calendar";
				PRODUCT_NAME = "$(TARGET_NAME)";
				SWIFT_EMIT_LOC_STRINGS = YES;
				SWIFT_VERSION = 5.0;
				TARGETED_DEVICE_FAMILY = "1,2";
			};
			name = Release;
		};
		8621B0462CE76C7800B6F264 /* Debug */ = {
			isa = XCBuildConfiguration;
			buildSettings = {
				BUNDLE_LOADER = "$(TEST_HOST)";
				CODE_SIGN_STYLE = Automatic;
				CURRENT_PROJECT_VERSION = 1;
				GENERATE_INFOPLIST_FILE = YES;
				IPHONEOS_DEPLOYMENT_TARGET = 18.1;
				MARKETING_VERSION = 1.0;
				PRODUCT_BUNDLE_IDENTIFIER = "selvalt7.ANS-CalendarTests";
				PRODUCT_NAME = "$(TARGET_NAME)";
				SWIFT_EMIT_LOC_STRINGS = NO;
				SWIFT_VERSION = 5.0;
				TARGETED_DEVICE_FAMILY = "1,2";
				TEST_HOST = "$(BUILT_PRODUCTS_DIR)/ANS Calendar.app/$(BUNDLE_EXECUTABLE_FOLDER_PATH)/ANS Calendar";
			};
			name = Debug;
		};
		8621B0472CE76C7800B6F264 /* Release */ = {
			isa = XCBuildConfiguration;
			buildSettings = {
				BUNDLE_LOADER = "$(TEST_HOST)";
				CODE_SIGN_STYLE = Automatic;
				CURRENT_PROJECT_VERSION = 1;
				GENERATE_INFOPLIST_FILE = YES;
				IPHONEOS_DEPLOYMENT_TARGET = 18.1;
				MARKETING_VERSION = 1.0;
				PRODUCT_BUNDLE_IDENTIFIER = "selvalt7.ANS-CalendarTests";
				PRODUCT_NAME = "$(TARGET_NAME)";
				SWIFT_EMIT_LOC_STRINGS = NO;
				SWIFT_VERSION = 5.0;
				TARGETED_DEVICE_FAMILY = "1,2";
				TEST_HOST = "$(BUILT_PRODUCTS_DIR)/ANS Calendar.app/$(BUNDLE_EXECUTABLE_FOLDER_PATH)/ANS Calendar";
			};
			name = Release;
		};
		8621B0492CE76C7800B6F264 /* Debug */ = {
			isa = XCBuildConfiguration;
			buildSettings = {
				CODE_SIGN_STYLE = Automatic;
				CURRENT_PROJECT_VERSION = 1;
				GENERATE_INFOPLIST_FILE = YES;
				MARKETING_VERSION = 1.0;
				PRODUCT_BUNDLE_IDENTIFIER = "selvalt7.ANS-CalendarUITests";
				PRODUCT_NAME = "$(TARGET_NAME)";
				SWIFT_EMIT_LOC_STRINGS = NO;
				SWIFT_VERSION = 5.0;
				TARGETED_DEVICE_FAMILY = "1,2";
				TEST_TARGET_NAME = "ANS Calendar";
			};
			name = Debug;
		};
		8621B04A2CE76C7800B6F264 /* Release */ = {
			isa = XCBuildConfiguration;
			buildSettings = {
				CODE_SIGN_STYLE = Automatic;
				CURRENT_PROJECT_VERSION = 1;
				GENERATE_INFOPLIST_FILE = YES;
				MARKETING_VERSION = 1.0;
				PRODUCT_BUNDLE_IDENTIFIER = "selvalt7.ANS-CalendarUITests";
				PRODUCT_NAME = "$(TARGET_NAME)";
				SWIFT_EMIT_LOC_STRINGS = NO;
				SWIFT_VERSION = 5.0;
				TARGETED_DEVICE_FAMILY = "1,2";
				TEST_TARGET_NAME = "ANS Calendar";
			};
			name = Release;
		};
/* End XCBuildConfiguration section */

/* Begin XCConfigurationList section */
		8621B0192CE76C7700B6F264 /* Build configuration list for PBXProject "ANS Calendar" */ = {
			isa = XCConfigurationList;
			buildConfigurations = (
				8621B0402CE76C7800B6F264 /* Debug */,
				8621B0412CE76C7800B6F264 /* Release */,
			);
			defaultConfigurationIsVisible = 0;
			defaultConfigurationName = Release;
		};
		8621B0422CE76C7800B6F264 /* Build configuration list for PBXNativeTarget "ANS Calendar" */ = {
			isa = XCConfigurationList;
			buildConfigurations = (
				8621B0432CE76C7800B6F264 /* Debug */,
				8621B0442CE76C7800B6F264 /* Release */,
			);
			defaultConfigurationIsVisible = 0;
			defaultConfigurationName = Release;
		};
		8621B0452CE76C7800B6F264 /* Build configuration list for PBXNativeTarget "ANS CalendarTests" */ = {
			isa = XCConfigurationList;
			buildConfigurations = (
				8621B0462CE76C7800B6F264 /* Debug */,
				8621B0472CE76C7800B6F264 /* Release */,
			);
			defaultConfigurationIsVisible = 0;
			defaultConfigurationName = Release;
		};
		8621B0482CE76C7800B6F264 /* Build configuration list for PBXNativeTarget "ANS CalendarUITests" */ = {
			isa = XCConfigurationList;
			buildConfigurations = (
				8621B0492CE76C7800B6F264 /* Debug */,
				8621B04A2CE76C7800B6F264 /* Release */,
			);
			defaultConfigurationIsVisible = 0;
			defaultConfigurationName = Release;
		};
/* End XCConfigurationList section */

/* Begin XCRemoteSwiftPackageReference section */
		86A61BB22CE8B0D2004EFF93 /* XCRemoteSwiftPackageReference "SwiftSoup" */ = {
			isa = XCRemoteSwiftPackageReference;
			repositoryURL = "https://github.com/scinfu/SwiftSoup";
			requirement = {
				kind = upToNextMajorVersion;
				minimumVersion = 2.7.6;
			};
		};
/* End XCRemoteSwiftPackageReference section */

/* Begin XCSwiftPackageProductDependency section */
		86A61BB32CE8B0D2004EFF93 /* SwiftSoup */ = {
			isa = XCSwiftPackageProductDependency;
			package = 86A61BB22CE8B0D2004EFF93 /* XCRemoteSwiftPackageReference "SwiftSoup" */;
			productName = SwiftSoup;
		};
/* End XCSwiftPackageProductDependency section */
	};
	rootObject = 8621B0162CE76C7700B6F264 /* Project object */;
}
